github.com/livingstaccato/corpus-hugo v0.0.0-20260907165758-012128d70c02 h1:ugPq2mFc71QZ3O1arBE4NYCCogww1Vvs+0g+tJMahcw=
github.com/livingstaccato/corpus-hugo v0.0.0-20260907165758-012128d70c02/go.mod h1:81NBJheRcBYzZA9yZ9/DrWgNxQwm66PHJZr+ye0/VhI=
github.com/livingstaccato/corpus-hugo v0.0.0-20260907170211-89eaa4a4e682 h1:vfd25Hs2l9hCnRrxuI8lhhHwHlgY7cnNOnVAZOYR+9I=
github.com/livingstaccato/corpus-hugo v0.0.0-20260907170211-89eaa4a4e682/go.mod h1:81NBJheRcBYzZA9yZ9/DrWgNxQwm66PHJZr+ye0/VhI=
